// !$*UTF8*$!
{
	archiveVersion = 1;
	classes = {
	};
	objectVersion = 50;
	objects = {

/* Begin PBXBuildFile section */
		101BD78667C0F8C1A18D105F /* Pods_serika.framework in Frameworks */ = {isa = PBXBuildFile; fileRef = 73CFC63DDF47B73B7ECFC865 /* Pods_serika.framework */; };
		8B00B30C21362042006F9596 /* AlertModel.swift in Sources */ = {isa = PBXBuildFile; fileRef = 8B00B30B21362042006F9596 /* AlertModel.swift */; };
		8B054A46213395400007B0B4 /* DetailViewController.swift in Sources */ = {isa = PBXBuildFile; fileRef = 8B054A45213395400007B0B4 /* DetailViewController.swift */; };
		8B1D1D562130840B0064F1D3 /* DownloadItemTableViewCell.swift in Sources */ = {isa = PBXBuildFile; fileRef = 8B1D1D552130840B0064F1D3 /* DownloadItemTableViewCell.swift */; };
		8B1D1D58213086B80064F1D3 /* MainViewController.swift in Sources */ = {isa = PBXBuildFile; fileRef = 8B1D1D57213086B80064F1D3 /* MainViewController.swift */; };
		8B1D1D5A2130AE240064F1D3 /* SettingsViewController.swift in Sources */ = {isa = PBXBuildFile; fileRef = 8B1D1D592130AE240064F1D3 /* SettingsViewController.swift */; };
		8B527BB4213483D3005E2A79 /* LargeTableViewCell.swift in Sources */ = {isa = PBXBuildFile; fileRef = 8B527BB3213483D3005E2A79 /* LargeTableViewCell.swift */; };
		8B527BB62134A2A0005E2A79 /* SmallTableViewCell.swift in Sources */ = {isa = PBXBuildFile; fileRef = 8B527BB52134A2A0005E2A79 /* SmallTableViewCell.swift */; };
		8B527BB82134A2AE005E2A79 /* ButtonTableViewCell.swift in Sources */ = {isa = PBXBuildFile; fileRef = 8B527BB72134A2AE005E2A79 /* ButtonTableViewCell.swift */; };
		8B527BBA2134A2D7005E2A79 /* ButtonRedTableViewCell.swift in Sources */ = {isa = PBXBuildFile; fileRef = 8B527BB92134A2D7005E2A79 /* ButtonRedTableViewCell.swift */; };
		8B5E4C822130D8F400FA0414 /* ConfigurationModel.swift in Sources */ = {isa = PBXBuildFile; fileRef = 8B5E4C812130D8F400FA0414 /* ConfigurationModel.swift */; };
		8B68D8CA2134ECFF00FE97CB /* NewDownloadViewController.swift in Sources */ = {isa = PBXBuildFile; fileRef = 8B68D8C92134ECFF00FE97CB /* NewDownloadViewController.swift */; };
		8B7F173C2131CAC0006C525F /* TaskModel.swift in Sources */ = {isa = PBXBuildFile; fileRef = 8B7F173B2131CAC0006C525F /* TaskModel.swift */; };
		8BDF7214213063A300BF2979 /* AppDelegate.swift in Sources */ = {isa = PBXBuildFile; fileRef = 8BDF7213213063A300BF2979 /* AppDelegate.swift */; };
		8BDF7219213063A300BF2979 /* Main.storyboard in Resources */ = {isa = PBXBuildFile; fileRef = 8BDF7217213063A300BF2979 /* Main.storyboard */; };
		8BDF721B213063A400BF2979 /* Assets.xcassets in Resources */ = {isa = PBXBuildFile; fileRef = 8BDF721A213063A400BF2979 /* Assets.xcassets */; };
		8BDF721E213063A400BF2979 /* LaunchScreen.storyboard in Resources */ = {isa = PBXBuildFile; fileRef = 8BDF721C213063A400BF2979 /* LaunchScreen.storyboard */; };
/* End PBXBuildFile section */

/* Begin PBXFileReference section */
		73CFC63DDF47B73B7ECFC865 /* Pods_serika.framework */ = {isa = PBXFileReference; explicitFileType = wrapper.framework; includeInIndex = 0; path = Pods_serika.framework; sourceTree = BUILT_PRODUCTS_DIR; };
		8B00B30B21362042006F9596 /* AlertModel.swift */ = {isa = PBXFileReference; lastKnownFileType = sourcecode.swift; path = AlertModel.swift; sourceTree = "<group>"; };
		8B054A45213395400007B0B4 /* DetailViewController.swift */ = {isa = PBXFileReference; lastKnownFileType = sourcecode.swift; path = DetailViewController.swift; sourceTree = "<group>"; };
		8B1D1D552130840B0064F1D3 /* DownloadItemTableViewCell.swift */ = {isa = PBXFileReference; lastKnownFileType = sourcecode.swift; path = DownloadItemTableViewCell.swift; sourceTree = "<group>"; };
		8B1D1D57213086B80064F1D3 /* MainViewController.swift */ = {isa = PBXFileReference; lastKnownFileType = sourcecode.swift; path = MainViewController.swift; sourceTree = "<group>"; };
		8B1D1D592130AE240064F1D3 /* SettingsViewController.swift */ = {isa = PBXFileReference; lastKnownFileType = sourcecode.swift; path = SettingsViewController.swift; sourceTree = "<group>"; };
		8B527BB3213483D3005E2A79 /* LargeTableViewCell.swift */ = {isa = PBXFileReference; lastKnownFileType = sourcecode.swift; path = LargeTableViewCell.swift; sourceTree = "<group>"; };
		8B527BB52134A2A0005E2A79 /* SmallTableViewCell.swift */ = {isa = PBXFileReference; lastKnownFileType = sourcecode.swift; path = SmallTableViewCell.swift; sourceTree = "<group>"; };
		8B527BB72134A2AE005E2A79 /* ButtonTableViewCell.swift */ = {isa = PBXFileReference; lastKnownFileType = sourcecode.swift; path = ButtonTableViewCell.swift; sourceTree = "<group>"; };
		8B527BB92134A2D7005E2A79 /* ButtonRedTableViewCell.swift */ = {isa = PBXFileReference; lastKnownFileType = sourcecode.swift; path = ButtonRedTableViewCell.swift; sourceTree = "<group>"; };
		8B5E4C812130D8F400FA0414 /* ConfigurationModel.swift */ = {isa = PBXFileReference; lastKnownFileType = sourcecode.swift; path = ConfigurationModel.swift; sourceTree = "<group>"; };
		8B68D8C92134ECFF00FE97CB /* NewDownloadViewController.swift */ = {isa = PBXFileReference; lastKnownFileType = sourcecode.swift; path = NewDownloadViewController.swift; sourceTree = "<group>"; };
		8B7F173B2131CAC0006C525F /* TaskModel.swift */ = {isa = PBXFileReference; lastKnownFileType = sourcecode.swift; path = TaskModel.swift; sourceTree = "<group>"; };
		8BDF7210213063A300BF2979 /* serika.app */ = {isa = PBXFileReference; explicitFileType = wrapper.application; includeInIndex = 0; path = serika.app; sourceTree = BUILT_PRODUCTS_DIR; };
		8BDF7213213063A300BF2979 /* AppDelegate.swift */ = {isa = PBXFileReference; lastKnownFileType = sourcecode.swift; path = AppDelegate.swift; sourceTree = "<group>"; };
		8BDF7218213063A300BF2979 /* Base */ = {isa = PBXFileReference; lastKnownFileType = file.storyboard; name = Base; path = Base.lproj/Main.storyboard; sourceTree = "<group>"; };
		8BDF721A213063A400BF2979 /* Assets.xcassets */ = {isa = PBXFileReference; lastKnownFileType = folder.assetcatalog; path = Assets.xcassets; sourceTree = "<group>"; };
		8BDF721D213063A400BF2979 /* Base */ = {isa = PBXFileReference; lastKnownFileType = file.storyboard; name = Base; path = Base.lproj/LaunchScreen.storyboard; sourceTree = "<group>"; };
		8BDF721F213063A400BF2979 /* Info.plist */ = {isa = PBXFileReference; lastKnownFileType = text.plist.xml; path = Info.plist; sourceTree = "<group>"; };
		A10995E06284EB01426D9804 /* Pods-serika.release.xcconfig */ = {isa = PBXFileReference; includeInIndex = 1; lastKnownFileType = text.xcconfig; name = "Pods-serika.release.xcconfig"; path = "Pods/Target Support Files/Pods-serika/Pods-serika.release.xcconfig"; sourceTree = "<group>"; };
		FF5CDA097192DDC63B6B6036 /* Pods-serika.debug.xcconfig */ = {isa = PBXFileReference; includeInIndex = 1; lastKnownFileType = text.xcconfig; name = "Pods-serika.debug.xcconfig"; path = "Pods/Target Support Files/Pods-serika/Pods-serika.debug.xcconfig"; sourceTree = "<group>"; };
/* End PBXFileReference section */

/* Begin PBXFrameworksBuildPhase section */
		8BDF720D213063A300BF2979 /* Frameworks */ = {
			isa = PBXFrameworksBuildPhase;
			buildActionMask = 2147483647;
			files = (
				101BD78667C0F8C1A18D105F /* Pods_serika.framework in Frameworks */,
			);
			runOnlyForDeploymentPostprocessing = 0;
		};
/* End PBXFrameworksBuildPhase section */

/* Begin PBXGroup section */
		05C7967E5D07B8DAF3E5A5F5 /* Pods */ = {
			isa = PBXGroup;
			children = (
				FF5CDA097192DDC63B6B6036 /* Pods-serika.debug.xcconfig */,
				A10995E06284EB01426D9804 /* Pods-serika.release.xcconfig */,
			);
			name = Pods;
			sourceTree = "<group>";
		};
		7B60B59FB6DB152DCEE588B4 /* Frameworks */ = {
			isa = PBXGroup;
			children = (
				73CFC63DDF47B73B7ECFC865 /* Pods_serika.framework */,
			);
			name = Frameworks;
			sourceTree = "<group>";
		};
		8B1D1D53213077BA0064F1D3 /* Assert */ = {
			isa = PBXGroup;
			children = (
				8BDF721A213063A400BF2979 /* Assets.xcassets */,
				8BDF721C213063A400BF2979 /* LaunchScreen.storyboard */,
			);
			path = Assert;
			sourceTree = "<group>";
		};
		8B1D1D54213083910064F1D3 /* View */ = {
			isa = PBXGroup;
			children = (
				8B1D1D552130840B0064F1D3 /* DownloadItemTableViewCell.swift */,
				8B1D1D57213086B80064F1D3 /* MainViewController.swift */,
				8B1D1D592130AE240064F1D3 /* SettingsViewController.swift */,
				8B054A45213395400007B0B4 /* DetailViewController.swift */,
				8B527BB3213483D3005E2A79 /* LargeTableViewCell.swift */,
				8B527BB52134A2A0005E2A79 /* SmallTableViewCell.swift */,
				8B527BB72134A2AE005E2A79 /* ButtonTableViewCell.swift */,
				8B527BB92134A2D7005E2A79 /* ButtonRedTableViewCell.swift */,
				8B68D8C92134ECFF00FE97CB /* NewDownloadViewController.swift */,
			);
			path = View;
			sourceTree = "<group>";
		};
		8B5E4C802130D7DA00FA0414 /* Model */ = {
			isa = PBXGroup;
			children = (
				8B5E4C812130D8F400FA0414 /* ConfigurationModel.swift */,
				8B7F173B2131CAC0006C525F /* TaskModel.swift */,
				8B00B30B21362042006F9596 /* AlertModel.swift */,
			);
			path = Model;
			sourceTree = "<group>";
		};
		8BDF7207213063A300BF2979 = {
			isa = PBXGroup;
			children = (
				8BDF7212213063A300BF2979 /* serika */,
				8BDF7211213063A300BF2979 /* Products */,
				05C7967E5D07B8DAF3E5A5F5 /* Pods */,
				7B60B59FB6DB152DCEE588B4 /* Frameworks */,
			);
			sourceTree = "<group>";
		};
		8BDF7211213063A300BF2979 /* Products */ = {
			isa = PBXGroup;
			children = (
				8BDF7210213063A300BF2979 /* serika.app */,
			);
			name = Products;
			sourceTree = "<group>";
		};
		8BDF7212213063A300BF2979 /* serika */ = {
			isa = PBXGroup;
			children = (
				8B5E4C802130D7DA00FA0414 /* Model */,
				8B1D1D54213083910064F1D3 /* View */,
				8BDF7213213063A300BF2979 /* AppDelegate.swift */,
				8BDF7217213063A300BF2979 /* Main.storyboard */,
				8BDF721F213063A400BF2979 /* Info.plist */,
				8B1D1D53213077BA0064F1D3 /* Assert */,
			);
			path = serika;
			sourceTree = "<group>";
		};
/* End PBXGroup section */

/* Begin PBXNativeTarget section */
		8BDF720F213063A300BF2979 /* serika */ = {
			isa = PBXNativeTarget;
			buildConfigurationList = 8BDF7222213063A400BF2979 /* Build configuration list for PBXNativeTarget "serika" */;
			buildPhases = (
				2E4AABA02FE22F9042CCD8E0 /* [CP] Check Pods Manifest.lock */,
				8BDF720C213063A300BF2979 /* Sources */,
				8BDF720D213063A300BF2979 /* Frameworks */,
				8BDF720E213063A300BF2979 /* Resources */,
				EF893C749DCC2632FE88E23D /* [CP] Embed Pods Frameworks */,
			);
			buildRules = (
			);
			dependencies = (
			);
			name = serika;
			productName = serika;
			productReference = 8BDF7210213063A300BF2979 /* serika.app */;
			productType = "com.apple.product-type.application";
		};
/* End PBXNativeTarget section */

/* Begin PBXProject section */
		8BDF7208213063A300BF2979 /* Project object */ = {
			isa = PBXProject;
			attributes = {
				LastSwiftUpdateCheck = 0940;
				LastUpgradeCheck = 0940;
				ORGANIZATIONNAME = maverick;
				TargetAttributes = {
					8BDF720F213063A300BF2979 = {
						CreatedOnToolsVersion = 9.4.1;
					};
				};
			};
			buildConfigurationList = 8BDF720B213063A300BF2979 /* Build configuration list for PBXProject "serika" */;
			compatibilityVersion = "Xcode 9.3";
			developmentRegion = en;
			hasScannedForEncodings = 0;
			knownRegions = (
				en,
				Base,
			);
			mainGroup = 8BDF7207213063A300BF2979;
			productRefGroup = 8BDF7211213063A300BF2979 /* Products */;
			projectDirPath = "";
			projectRoot = "";
			targets = (
				8BDF720F213063A300BF2979 /* serika */,
			);
		};
/* End PBXProject section */

/* Begin PBXResourcesBuildPhase section */
		8BDF720E213063A300BF2979 /* Resources */ = {
			isa = PBXResourcesBuildPhase;
			buildActionMask = 2147483647;
			files = (
				8BDF721E213063A400BF2979 /* LaunchScreen.storyboard in Resources */,
				8BDF721B213063A400BF2979 /* Assets.xcassets in Resources */,
				8BDF7219213063A300BF2979 /* Main.storyboard in Resources */,
			);
			runOnlyForDeploymentPostprocessing = 0;
		};
/* End PBXResourcesBuildPhase section */

/* Begin PBXShellScriptBuildPhase section */
		2E4AABA02FE22F9042CCD8E0 /* [CP] Check Pods Manifest.lock */ = {
			isa = PBXShellScriptBuildPhase;
			buildActionMask = 2147483647;
			files = (
			);
			inputPaths = (
				"${PODS_PODFILE_DIR_PATH}/Podfile.lock",
				"${PODS_ROOT}/Manifest.lock",
			);
			name = "[CP] Check Pods Manifest.lock";
			outputPaths = (
				"$(DERIVED_FILE_DIR)/Pods-serika-checkManifestLockResult.txt",
			);
			runOnlyForDeploymentPostprocessing = 0;
			shellPath = /bin/sh;
			shellScript = "diff \"${PODS_PODFILE_DIR_PATH}/Podfile.lock\" \"${PODS_ROOT}/Manifest.lock\" > /dev/null\nif [ $? != 0 ] ; then\n    # print error to STDERR\n    echo \"error: The sandbox is not in sync with the Podfile.lock. Run 'pod install' or update your CocoaPods installation.\" >&2\n    exit 1\nfi\n# This output is used by Xcode 'outputs' to avoid re-running this script phase.\necho \"SUCCESS\" > \"${SCRIPT_OUTPUT_FILE_0}\"\n";
			showEnvVarsInLog = 0;
		};
		EF893C749DCC2632FE88E23D /* [CP] Embed Pods Frameworks */ = {
			isa = PBXShellScriptBuildPhase;
			buildActionMask = 2147483647;
			files = (
			);
			inputPaths = (
				"${SRCROOT}/Pods/Target Support Files/Pods-serika/Pods-serika-frameworks.sh",
				"${BUILT_PRODUCTS_DIR}/Alamofire/Alamofire.framework",
				"${BUILT_PRODUCTS_DIR}/FontAwesome.swift/FontAwesome_swift.framework",
				"${BUILT_PRODUCTS_DIR}/SwiftyJSON/SwiftyJSON.framework",
			);
			name = "[CP] Embed Pods Frameworks";
			outputPaths = (
				"${TARGET_BUILD_DIR}/${FRAMEWORKS_FOLDER_PATH}/Alamofire.framework",
				"${TARGET_BUILD_DIR}/${FRAMEWORKS_FOLDER_PATH}/FontAwesome_swift.framework",
				"${TARGET_BUILD_DIR}/${FRAMEWORKS_FOLDER_PATH}/SwiftyJSON.framework",
			);
			runOnlyForDeploymentPostprocessing = 0;
			shellPath = /bin/sh;
			shellScript = "\"${SRCROOT}/Pods/Target Support Files/Pods-serika/Pods-serika-frameworks.sh\"\n";
			showEnvVarsInLog = 0;
		};
/* End PBXShellScriptBuildPhase section */

/* Begin PBXSourcesBuildPhase section */
		8BDF720C213063A300BF2979 /* Sources */ = {
			isa = PBXSourcesBuildPhase;
			buildActionMask = 2147483647;
			files = (
				8B527BBA2134A2D7005E2A79 /* ButtonRedTableViewCell.swift in Sources */,
				8B00B30C21362042006F9596 /* AlertModel.swift in Sources */,
				8B7F173C2131CAC0006C525F /* TaskModel.swift in Sources */,
				8B527BB62134A2A0005E2A79 /* SmallTableViewCell.swift in Sources */,
				8B527BB4213483D3005E2A79 /* LargeTableViewCell.swift in Sources */,
				8B1D1D562130840B0064F1D3 /* DownloadItemTableViewCell.swift in Sources */,
				8BDF7214213063A300BF2979 /* AppDelegate.swift in Sources */,
				8B1D1D5A2130AE240064F1D3 /* SettingsViewController.swift in Sources */,
				8B68D8CA2134ECFF00FE97CB /* NewDownloadViewController.swift in Sources */,
				8B1D1D58213086B80064F1D3 /* MainViewController.swift in Sources */,
				8B527BB82134A2AE005E2A79 /* ButtonTableViewCell.swift in Sources */,
				8B5E4C822130D8F400FA0414 /* ConfigurationModel.swift in Sources */,
				8B054A46213395400007B0B4 /* DetailViewController.swift in Sources */,
			);
			runOnlyForDeploymentPostprocessing = 0;
		};
/* End PBXSourcesBuildPhase section */

/* Begin PBXVariantGroup section */
		8BDF7217213063A300BF2979 /* Main.storyboard */ = {
			isa = PBXVariantGroup;
			children = (
				8BDF7218213063A300BF2979 /* Base */,
			);
			name = Main.storyboard;
			sourceTree = "<group>";
		};
		8BDF721C213063A400BF2979 /* LaunchScreen.storyboard */ = {
			isa = PBXVariantGroup;
			children = (
				8BDF721D213063A400BF2979 /* Base */,
			);
			name = LaunchScreen.storyboard;
			sourceTree = "<group>";
		};
/* End PBXVariantGroup section */

/* Begin XCBuildConfiguration section */
		8BDF7220213063A400BF2979 /* Debug */ = {
			isa = XCBuildConfiguration;
			buildSettings = {
				ALWAYS_SEARCH_USER_PATHS = NO;
				CLANG_ANALYZER_NONNULL = YES;
				CLANG_ANALYZER_NUMBER_OBJECT_CONVERSION = YES_AGGRESSIVE;
				CLANG_CXX_LANGUAGE_STANDARD = "gnu++14";
				CLANG_CXX_LIBRARY = "libc++";
				CLANG_ENABLE_MODULES = YES;
				CLANG_ENABLE_OBJC_ARC = YES;
				CLANG_ENABLE_OBJC_WEAK = YES;
				CLANG_WARN_BLOCK_CAPTURE_AUTORELEASING = YES;
				CLANG_WARN_BOOL_CONVERSION = YES;
				CLANG_WARN_COMMA = YES;
				CLANG_WARN_CONSTANT_CONVERSION = YES;
				CLANG_WARN_DEPRECATED_OBJC_IMPLEMENTATIONS = YES;
				CLANG_WARN_DIRECT_OBJC_ISA_USAGE = YES_ERROR;
				CLANG_WARN_DOCUMENTATION_COMMENTS = YES;
				CLANG_WARN_EMPTY_BODY = YES;
				CLANG_WARN_ENUM_CONVERSION = YES;
				CLANG_WARN_INFINITE_RECURSION = YES;
				CLANG_WARN_INT_CONVERSION = YES;
				CLANG_WARN_NON_LITERAL_NULL_CONVERSION = YES;
				CLANG_WARN_OBJC_IMPLICIT_RETAIN_SELF = YES;
				CLANG_WARN_OBJC_LITERAL_CONVERSION = YES;
				CLANG_WARN_OBJC_ROOT_CLASS = YES_ERROR;
				CLANG_WARN_RANGE_LOOP_ANALYSIS = YES;
				CLANG_WARN_STRICT_PROTOTYPES = YES;
				CLANG_WARN_SUSPICIOUS_MOVE = YES;
				CLANG_WARN_UNGUARDED_AVAILABILITY = YES_AGGRESSIVE;
				CLANG_WARN_UNREACHABLE_CODE = YES;
				CLANG_WARN__DUPLICATE_METHOD_MATCH = YES;
				CODE_SIGN_IDENTITY = "iPhone Developer";
				COPY_PHASE_STRIP = NO;
				DEBUG_INFORMATION_FORMAT = dwarf;
				ENABLE_STRICT_OBJC_MSGSEND = YES;
				ENABLE_TESTABILITY = YES;
				GCC_C_LANGUAGE_STANDARD = gnu11;
				GCC_DYNAMIC_NO_PIC = NO;
				GCC_NO_COMMON_BLOCKS = YES;
				GCC_OPTIMIZATION_LEVEL = 0;
				GCC_PREPROCESSOR_DEFINITIONS = (
					"DEBUG=1",
					"$(inherited)",
				);
				GCC_WARN_64_TO_32_BIT_CONVERSION = YES;
				GCC_WARN_ABOUT_RETURN_TYPE = YES_ERROR;
				GCC_WARN_UNDECLARED_SELECTOR = YES;
				GCC_WARN_UNINITIALIZED_AUTOS = YES_AGGRESSIVE;
				GCC_WARN_UNUSED_FUNCTION = YES;
				GCC_WARN_UNUSED_VARIABLE = YES;
				IPHONEOS_DEPLOYMENT_TARGET = 11.4;
				MTL_ENABLE_DEBUG_INFO = YES;
				ONLY_ACTIVE_ARCH = YES;
				SDKROOT = iphoneos;
				SWIFT_ACTIVE_COMPILATION_CONDITIONS = DEBUG;
				SWIFT_OPTIMIZATION_LEVEL = "-Onone";
			};
			name = Debug;
		};
		8BDF7221213063A400BF2979 /* Release */ = {
			isa = XCBuildConfiguration;
			buildSettings = {
				ALWAYS_SEARCH_USER_PATHS = NO;
				CLANG_ANALYZER_NONNULL = YES;
				CLANG_ANALYZER_NUMBER_OBJECT_CONVERSION = YES_AGGRESSIVE;
				CLANG_CXX_LANGUAGE_STANDARD = "gnu++14";
				CLANG_CXX_LIBRARY = "libc++";
				CLANG_ENABLE_MODULES = YES;
				CLANG_ENABLE_OBJC_ARC = YES;
				CLANG_ENABLE_OBJC_WEAK = YES;
				CLANG_WARN_BLOCK_CAPTURE_AUTORELEASING = YES;
				CLANG_WARN_BOOL_CONVERSION = YES;
				CLANG_WARN_COMMA = YES;
				CLANG_WARN_CONSTANT_CONVERSION = YES;
				CLANG_WARN_DEPRECATED_OBJC_IMPLEMENTATIONS = YES;
				CLANG_WARN_DIRECT_OBJC_ISA_USAGE = YES_ERROR;
				CLANG_WARN_DOCUMENTATION_COMMENTS = YES;
				CLANG_WARN_EMPTY_BODY = YES;
				CLANG_WARN_ENUM_CONVERSION = YES;
				CLANG_WARN_INFINITE_RECURSION = YES;
				CLANG_WARN_INT_CONVERSION = YES;
				CLANG_WARN_NON_LITERAL_NULL_CONVERSION = YES;
				CLANG_WARN_OBJC_IMPLICIT_RETAIN_SELF = YES;
				CLANG_WARN_OBJC_LITERAL_CONVERSION = YES;
				CLANG_WARN_OBJC_ROOT_CLASS = YES_ERROR;
				CLANG_WARN_RANGE_LOOP_ANALYSIS = YES;
				CLANG_WARN_STRICT_PROTOTYPES = YES;
				CLANG_WARN_SUSPICIOUS_MOVE = YES;
				CLANG_WARN_UNGUARDED_AVAILABILITY = YES_AGGRESSIVE;
				CLANG_WARN_UNREACHABLE_CODE = YES;
				CLANG_WARN__DUPLICATE_METHOD_MATCH = YES;
				CODE_SIGN_IDENTITY = "iPhone Developer";
				COPY_PHASE_STRIP = NO;
				DEBUG_INFORMATION_FORMAT = "dwarf-with-dsym";
				ENABLE_NS_ASSERTIONS = NO;
				ENABLE_STRICT_OBJC_MSGSEND = YES;
				GCC_C_LANGUAGE_STANDARD = gnu11;
				GCC_NO_COMMON_BLOCKS = YES;
				GCC_WARN_64_TO_32_BIT_CONVERSION = YES;
				GCC_WARN_ABOUT_RETURN_TYPE = YES_ERROR;
				GCC_WARN_UNDECLARED_SELECTOR = YES;
				GCC_WARN_UNINITIALIZED_AUTOS = YES_AGGRESSIVE;
				GCC_WARN_UNUSED_FUNCTION = YES;
				GCC_WARN_UNUSED_VARIABLE = YES;
				IPHONEOS_DEPLOYMENT_TARGET = 11.4;
				MTL_ENABLE_DEBUG_INFO = NO;
				SDKROOT = iphoneos;
				SWIFT_COMPILATION_MODE = wholemodule;
				SWIFT_OPTIMIZATION_LEVEL = "-O";
				VALIDATE_PRODUCT = YES;
			};
			name = Release;
		};
		8BDF7223213063A400BF2979 /* Debug */ = {
			isa = XCBuildConfiguration;
			baseConfigurationReference = FF5CDA097192DDC63B6B6036 /* Pods-serika.debug.xcconfig */;
			buildSettings = {
				ASSETCATALOG_COMPILER_APPICON_NAME = AppIcon;
				CODE_SIGN_STYLE = Automatic;
				DEVELOPMENT_TEAM = AM4V7T2443;
				INFOPLIST_FILE = serika/Info.plist;
				IPHONEOS_DEPLOYMENT_TARGET = 11.0;
				LD_RUNPATH_SEARCH_PATHS = (
					"$(inherited)",
					"@executable_path/Frameworks",
				);
				PRODUCT_BUNDLE_IDENTIFIER = me.masterchan.serika;
				PRODUCT_NAME = "$(TARGET_NAME)";
				SWIFT_VERSION = 4.0;
				TARGETED_DEVICE_FAMILY = "1,2";
			};
			name = Debug;
		};
		8BDF7224213063A400BF2979 /* Release */ = {
			isa = XCBuildConfiguration;
			baseConfigurationReference = A10995E06284EB01426D9804 /* Pods-serika.release.xcconfig */;
			buildSettings = {
				ASSETCATALOG_COMPILER_APPICON_NAME = AppIcon;
				CODE_SIGN_STYLE = Automatic;
				DEVELOPMENT_TEAM = AM4V7T2443;
				INFOPLIST_FILE = serika/Info.plist;
				IPHONEOS_DEPLOYMENT_TARGET = 11.0;
				LD_RUNPATH_SEARCH_PATHS = (
					"$(inherited)",
					"@executable_path/Frameworks",
				);
				PRODUCT_BUNDLE_IDENTIFIER = me.masterchan.serika;
				PRODUCT_NAME = "$(TARGET_NAME)";
				SWIFT_VERSION = 4.0;
				TARGETED_DEVICE_FAMILY = "1,2";
			};
			name = Release;
		};
/* End XCBuildConfiguration section */

/* Begin XCConfigurationList section */
		8BDF720B213063A300BF2979 /* Build configuration list for PBXProject "serika" */ = {
			isa = XCConfigurationList;
			buildConfigurations = (
				8BDF7220213063A400BF2979 /* Debug */,
				8BDF7221213063A400BF2979 /* Release */,
			);
			defaultConfigurationIsVisible = 0;
			defaultConfigurationName = Release;
		};
		8BDF7222213063A400BF2979 /* Build configuration list for PBXNativeTarget "serika" */ = {
			isa = XCConfigurationList;
			buildConfigurations = (
				8BDF7223213063A400BF2979 /* Debug */,
				8BDF7224213063A400BF2979 /* Release */,
			);
			defaultConfigurationIsVisible = 0;
			defaultConfigurationName = Release;
		};
/* End XCConfigurationList section */
	};
	rootObject = 8BDF7208213063A300BF2979 /* Project object */;
}
